schema: '2.0'
stages:
  react-component-and-fava-beans_reconcile:
    cmd: voice-vid reconcile data/raw/react-component-and-fava-beans/index.toml >
      data/interim/react-component-and-fava-beans/reconciled.jsonl
    deps:
    - path: data/raw/react-component-and-fava-beans/index.toml
      md5: 94c085777a0b628e036b9fb856937df3
      size: 339
    - path: data/raw/react-component-and-fava-beans/recording-log
      md5: d29b8d1207abcb8f389582aa8e68cf9b.dir
      size: 826585
      nfiles: 84
    - path: data/raw/react-component-and-fava-beans/timeline.xml
      md5: 6c5480b96d0d6ef7253166b1fd49346e
      size: 513001
    - path: poetry.lock
      md5: 89d9e91632fb1009a672eea67188d8e6
      size: 16331
    outs:
    - path: data/interim/react-component-and-fava-beans/reconciled.jsonl
      md5: cf9f04c85abfb451e1d6df6631127a52
      size: 49697
  react-component-and-fava-beans_mark-highlights-track:
    cmd: voice-vid mark-highlights --reconciled data/interim/react-component-and-fava-beans/reconciled.jsonl
      data/raw/react-component-and-fava-beans/index.toml data/processed/react-component-and-fava-beans/mark-highlights-timeline.xml
    deps:
    - path: data/interim/react-component-and-fava-beans/reconciled.jsonl
      md5: cf9f04c85abfb451e1d6df6631127a52
      size: 49697
    - path: data/raw/react-component-and-fava-beans/index.toml
      md5: 94c085777a0b628e036b9fb856937df3
      size: 339
    - path: data/raw/react-component-and-fava-beans/recording-log
      md5: d29b8d1207abcb8f389582aa8e68cf9b.dir
      size: 826585
      nfiles: 84
    - path: data/raw/react-component-and-fava-beans/timeline.xml
      md5: 6c5480b96d0d6ef7253166b1fd49346e
      size: 513001
    - path: poetry.lock
      md5: 89d9e91632fb1009a672eea67188d8e6
      size: 16331
    outs:
    - path: data/processed/react-component-and-fava-beans/mark-highlights-timeline.xml
      md5: 8051543baa063f142d119674e677262c
      size: 361732
  react-component-and-fava-beans_subtitles:
    cmd: voice-vid subtitles --reconciled data/interim/react-component-and-fava-beans/reconciled.jsonl
      data/raw/react-component-and-fava-beans/index.toml > data/processed/react-component-and-fava-beans/subtitles.srt
    deps:
    - path: data/interim/react-component-and-fava-beans/reconciled.jsonl
      md5: cf9f04c85abfb451e1d6df6631127a52
      size: 49697
    - path: data/raw/react-component-and-fava-beans/index.toml
      md5: 94c085777a0b628e036b9fb856937df3
      size: 339
    - path: data/raw/react-component-and-fava-beans/recording-log
      md5: d29b8d1207abcb8f389582aa8e68cf9b.dir
      size: 826585
      nfiles: 84
    - path: data/raw/react-component-and-fava-beans/timeline.xml
      md5: 6c5480b96d0d6ef7253166b1fd49346e
      size: 513001
    - path: poetry.lock
      md5: 89d9e91632fb1009a672eea67188d8e6
      size: 16331
    outs:
    - path: data/processed/react-component-and-fava-beans/subtitles.srt
      md5: 13638766c96db69b91d4581195b94e4a
      size: 9881
  react-component-and-fava-beans_transcript:
    cmd: voice-vid transcript --reconciled data/interim/react-component-and-fava-beans/reconciled.jsonl
      data/raw/react-component-and-fava-beans/index.toml > data/processed/react-component-and-fava-beans/transcript.json
    deps:
    - path: data/interim/react-component-and-fava-beans/reconciled.jsonl
      md5: cf9f04c85abfb451e1d6df6631127a52
      size: 49697
    - path: data/raw/react-component-and-fava-beans/index.toml
      md5: 94c085777a0b628e036b9fb856937df3
      size: 339
    - path: data/raw/react-component-and-fava-beans/recording-log
      md5: d29b8d1207abcb8f389582aa8e68cf9b.dir
      size: 826585
      nfiles: 84
    - path: data/raw/react-component-and-fava-beans/timeline.xml
      md5: 6c5480b96d0d6ef7253166b1fd49346e
      size: 513001
    - path: poetry.lock
      md5: 89d9e91632fb1009a672eea67188d8e6
      size: 16331
    outs:
    - path: data/processed/react-component-and-fava-beans/transcript.json
      md5: ba75421ae0300df51ad0300f000d57e7
      size: 140441
  two-sum_reconcile:
    cmd: voice-vid reconcile data/raw/two-sum/index.toml > data/interim/two-sum/reconciled.jsonl
    deps:
    - path: data/raw/two-sum/index.toml
      md5: 50bea67173f2c9ce20c206a8d139ceb1
      size: 293
    - path: data/raw/two-sum/recording-log
      md5: ea5ecf3a63604d34a888445d6d452752.dir
      size: 4929843
      nfiles: 38
    - path: data/raw/two-sum/timeline.xml
      md5: 582fcb4fc472026882b1a89b343df135
      size: 110729
    - path: poetry.lock
      md5: 89d9e91632fb1009a672eea67188d8e6
      size: 16331
    outs:
    - path: data/interim/two-sum/reconciled.jsonl
      md5: 9d29dfd98bedac73beeb1af046ae97b8
      size: 1599
  two-sum_subtitles:
    cmd: voice-vid subtitles --reconciled data/interim/two-sum/reconciled.jsonl data/raw/two-sum/index.toml
      > data/processed/two-sum/subtitles.srt
    deps:
    - path: data/interim/two-sum/reconciled.jsonl
      md5: 9d29dfd98bedac73beeb1af046ae97b8
      size: 1599
    - path: data/raw/two-sum/index.toml
      md5: 50bea67173f2c9ce20c206a8d139ceb1
      size: 293
    - path: data/raw/two-sum/recording-log
      md5: ea5ecf3a63604d34a888445d6d452752.dir
      size: 4929843
      nfiles: 38
    - path: data/raw/two-sum/timeline.xml
      md5: 582fcb4fc472026882b1a89b343df135
      size: 110729
    - path: poetry.lock
      md5: 89d9e91632fb1009a672eea67188d8e6
      size: 16331
    outs:
    - path: data/processed/two-sum/subtitles.srt
      md5: 6b66dd92d726cc1b619345e8ffe065be
      size: 567
  two-sum_transcript:
    cmd: voice-vid transcript --reconciled data/interim/two-sum/reconciled.jsonl data/raw/two-sum/index.toml
      > data/processed/two-sum/transcript.json
    deps:
    - path: data/interim/two-sum/reconciled.jsonl
      md5: 9d29dfd98bedac73beeb1af046ae97b8
      size: 1599
    - path: data/raw/two-sum/index.toml
      md5: 50bea67173f2c9ce20c206a8d139ceb1
      size: 293
    - path: data/raw/two-sum/recording-log
      md5: ea5ecf3a63604d34a888445d6d452752.dir
      size: 4929843
      nfiles: 38
    - path: data/raw/two-sum/timeline.xml
      md5: 582fcb4fc472026882b1a89b343df135
      size: 110729
    - path: poetry.lock
      md5: 89d9e91632fb1009a672eea67188d8e6
      size: 16331
    outs:
    - path: data/processed/two-sum/transcript.json
      md5: cbc5005257774af14401b643bf7d459e
      size: 12700
  two-sum_mark-highlights-track:
    cmd: voice-vid mark-highlights --reconciled data/interim/two-sum/reconciled.jsonl
      data/raw/two-sum/index.toml data/processed/two-sum/mark-highlights-timeline.xml
    deps:
    - path: data/interim/two-sum/reconciled.jsonl
      md5: 9d29dfd98bedac73beeb1af046ae97b8
      size: 1599
    - path: data/raw/two-sum/index.toml
      md5: 50bea67173f2c9ce20c206a8d139ceb1
      size: 293
    - path: data/raw/two-sum/recording-log
      md5: ea5ecf3a63604d34a888445d6d452752.dir
      size: 4929843
      nfiles: 38
    - path: data/raw/two-sum/timeline.xml
      md5: 582fcb4fc472026882b1a89b343df135
      size: 110729
    - path: poetry.lock
      md5: 89d9e91632fb1009a672eea67188d8e6
      size: 16331
    outs:
    - path: data/processed/two-sum/mark-highlights-timeline.xml
      md5: 24368fd7db4abee94ac080cafebb2517
      size: 39710
  two-sum-explainer_reconcile:
    cmd: voice-vid reconcile data/raw/two-sum-explainer/index.toml > data/interim/two-sum-explainer/reconciled.jsonl
    deps:
    - path: data/raw/two-sum-explainer/index.toml
      md5: b01eabb72a220e5a393e2c685e616c8e
      size: 284
    - path: data/raw/two-sum-explainer/recording-log
      md5: 8b887cc57bd00359ec3dceb9f5078cb6.dir
      size: 21189227
      nfiles: 110
    - path: data/raw/two-sum-explainer/timeline.xml
      md5: 1ce58cc526e984d4f5192ce13ae86495
      size: 56057
    - path: poetry.lock
      md5: 89d9e91632fb1009a672eea67188d8e6
      size: 16331
    outs:
    - path: data/interim/two-sum-explainer/reconciled.jsonl
      md5: fb007fda8fc8447b082755f1d65bde14
      size: 9709
  two-sum-explainer_subtitles:
    cmd: voice-vid subtitles --reconciled data/interim/two-sum-explainer/reconciled.jsonl
      data/raw/two-sum-explainer/index.toml > data/processed/two-sum-explainer/subtitles.srt
    deps:
    - path: data/interim/two-sum-explainer/reconciled.jsonl
      md5: fb007fda8fc8447b082755f1d65bde14
      size: 9709
    - path: data/raw/two-sum-explainer/index.toml
      md5: b01eabb72a220e5a393e2c685e616c8e
      size: 284
    - path: data/raw/two-sum-explainer/recording-log
      md5: 8b887cc57bd00359ec3dceb9f5078cb6.dir
      size: 21189227
      nfiles: 110
    - path: data/raw/two-sum-explainer/timeline.xml
      md5: 1ce58cc526e984d4f5192ce13ae86495
      size: 56057
    - path: poetry.lock
      md5: 89d9e91632fb1009a672eea67188d8e6
      size: 16331
    outs:
    - path: data/processed/two-sum-explainer/subtitles.srt
      md5: a8a11d0aab47111f30c5de0a1120bace
      size: 1624
  two-sum-explainer_transcript:
    cmd: voice-vid transcript --reconciled data/interim/two-sum-explainer/reconciled.jsonl
      data/raw/two-sum-explainer/index.toml > data/processed/two-sum-explainer/transcript.json
    deps:
    - path: data/interim/two-sum-explainer/reconciled.jsonl
      md5: fb007fda8fc8447b082755f1d65bde14
      size: 9709
    - path: data/raw/two-sum-explainer/index.toml
      md5: b01eabb72a220e5a393e2c685e616c8e
      size: 284
    - path: data/raw/two-sum-explainer/recording-log
      md5: 8b887cc57bd00359ec3dceb9f5078cb6.dir
      size: 21189227
      nfiles: 110
    - path: data/raw/two-sum-explainer/timeline.xml
      md5: 1ce58cc526e984d4f5192ce13ae86495
      size: 56057
    - path: poetry.lock
      md5: 89d9e91632fb1009a672eea67188d8e6
      size: 16331
    outs:
    - path: data/processed/two-sum-explainer/transcript.json
      md5: 762ffd2ac077fc6939c2824a9cf20123
      size: 20235
  two-sum-explainer_mark-highlights-track:
    cmd: voice-vid mark-highlights --reconciled data/interim/two-sum-explainer/reconciled.jsonl
      data/raw/two-sum-explainer/index.toml data/processed/two-sum-explainer/mark-highlights-timeline.xml
    deps:
    - path: data/interim/two-sum-explainer/reconciled.jsonl
      md5: fb007fda8fc8447b082755f1d65bde14
      size: 9709
    - path: data/raw/two-sum-explainer/index.toml
      md5: b01eabb72a220e5a393e2c685e616c8e
      size: 284
    - path: data/raw/two-sum-explainer/recording-log
      md5: 8b887cc57bd00359ec3dceb9f5078cb6.dir
      size: 21189227
      nfiles: 110
    - path: data/raw/two-sum-explainer/timeline.xml
      md5: 1ce58cc526e984d4f5192ce13ae86495
      size: 56057
    - path: poetry.lock
      md5: 89d9e91632fb1009a672eea67188d8e6
      size: 16331
    outs:
    - path: data/processed/two-sum-explainer/mark-highlights-timeline.xml
      md5: 8b47259ad66a3182df7595e3955b4128
      size: 82580
  react-component-and-fava-beans_publish_transcript:
    cmd: cp data/processed/react-component-and-fava-beans/transcript.json ../pokeyrule.com/src/data/videos/react-component-and-fava-beans.json
    deps:
    - path: data/processed/react-component-and-fava-beans/transcript.json
      md5: ba75421ae0300df51ad0300f000d57e7
      size: 140441
    outs:
    - path: ../pokeyrule.com/src/data/videos/react-component-and-fava-beans.json
      md5: ba75421ae0300df51ad0300f000d57e7
      size: 140441
  two-sum_publish_transcript:
    cmd: cp data/processed/two-sum/transcript.json ../pokeyrule.com/src/data/videos/two-sum.json
    deps:
    - path: data/processed/two-sum/transcript.json
      md5: cbc5005257774af14401b643bf7d459e
      size: 12700
    outs:
    - path: ../pokeyrule.com/src/data/videos/two-sum.json
      md5: cbc5005257774af14401b643bf7d459e
      size: 12700
  markdown-scope-types_reconcile:
    cmd: voice-vid reconcile data/raw/markdown-scope-types/index.toml > data/interim/markdown-scope-types/reconciled.jsonl
    deps:
    - path: data/raw/markdown-scope-types/index.toml
      md5: 74a084d2c08d98beab1e0568ae609ab4
      size: 263
    - path: data/raw/markdown-scope-types/recording-log
      md5: ef27b7a6f5eee176cb6dda9e2ddeb746.dir
      size: 450750
      nfiles: 78
    - path: data/raw/markdown-scope-types/timeline.xml
      md5: 753019538a4418f32ccad6014b4c63bf
      size: 83987
    - path: poetry.lock
      md5: 89d9e91632fb1009a672eea67188d8e6
      size: 16331
    outs:
    - path: data/interim/markdown-scope-types/reconciled.jsonl
      md5: 4b8199db3d27211a5536d3274d8ea00b
      size: 8214
  markdown-scope-types_mark-highlights-track:
    cmd: voice-vid mark-highlights --reconciled data/interim/markdown-scope-types/reconciled.jsonl
      data/raw/markdown-scope-types/index.toml data/processed/markdown-scope-types/mark-highlights-timeline.xml
    deps:
    - path: data/interim/markdown-scope-types/reconciled.jsonl
      md5: 4b8199db3d27211a5536d3274d8ea00b
      size: 8214
    - path: data/raw/markdown-scope-types/index.toml
      md5: 74a084d2c08d98beab1e0568ae609ab4
      size: 263
    - path: data/raw/markdown-scope-types/recording-log
      md5: ef27b7a6f5eee176cb6dda9e2ddeb746.dir
      size: 450750
      nfiles: 78
    - path: data/raw/markdown-scope-types/timeline.xml
      md5: 753019538a4418f32ccad6014b4c63bf
      size: 83987
    - path: poetry.lock
      md5: 89d9e91632fb1009a672eea67188d8e6
      size: 16331
    outs:
    - path: data/processed/markdown-scope-types/mark-highlights-timeline.xml
      md5: 3e2ce0cdcafceb18c2fb75e59b990ed7
      size: 96918
  markdown-scope-types_transcript:
    cmd: voice-vid transcript --reconciled data/interim/markdown-scope-types/reconciled.jsonl
      data/raw/markdown-scope-types/index.toml > data/processed/markdown-scope-types/transcript.json
    deps:
    - path: data/interim/markdown-scope-types/reconciled.jsonl
      md5: 4b8199db3d27211a5536d3274d8ea00b
      size: 8214
    - path: data/raw/markdown-scope-types/index.toml
      md5: 74a084d2c08d98beab1e0568ae609ab4
      size: 263
    - path: data/raw/markdown-scope-types/recording-log
      md5: ef27b7a6f5eee176cb6dda9e2ddeb746.dir
      size: 450750
      nfiles: 78
    - path: data/raw/markdown-scope-types/timeline.xml
      md5: 753019538a4418f32ccad6014b4c63bf
      size: 83987
    - path: poetry.lock
      md5: 89d9e91632fb1009a672eea67188d8e6
      size: 16331
    outs:
    - path: data/processed/markdown-scope-types/transcript.json
      md5: dfe05fcc8f41d495101b8977696aa5e0
      size: 18008
  markdown-scope-types_publish_transcript:
    cmd: cp data/processed/markdown-scope-types/transcript.json ../pokeyrule.com/src/data/videos/markdown-scope-types.json
    deps:
    - path: data/processed/markdown-scope-types/transcript.json
      md5: dfe05fcc8f41d495101b8977696aa5e0
      size: 18008
    outs:
    - path: ../pokeyrule.com/src/data/videos/markdown-scope-types.json
      md5: dfe05fcc8f41d495101b8977696aa5e0
      size: 18008
  markdown-scope-types_subtitles:
    cmd: voice-vid subtitles --reconciled data/interim/markdown-scope-types/reconciled.jsonl
      data/raw/markdown-scope-types/index.toml > data/processed/markdown-scope-types/subtitles.srt
    deps:
    - path: data/interim/markdown-scope-types/reconciled.jsonl
      md5: 4b8199db3d27211a5536d3274d8ea00b
      size: 8214
    - path: data/raw/markdown-scope-types/index.toml
      md5: 74a084d2c08d98beab1e0568ae609ab4
      size: 263
    - path: data/raw/markdown-scope-types/recording-log
      md5: ef27b7a6f5eee176cb6dda9e2ddeb746.dir
      size: 450750
      nfiles: 78
    - path: data/raw/markdown-scope-types/timeline.xml
      md5: 753019538a4418f32ccad6014b4c63bf
      size: 83987
    - path: poetry.lock
      md5: 89d9e91632fb1009a672eea67188d8e6
      size: 16331
    outs:
    - path: data/processed/markdown-scope-types/subtitles.srt
      md5: e951134f02f298f08b6b96892e328b29
      size: 1567
  markdown-scope-types_publish_thumbnail:
    cmd: convert data/raw/markdown-scope-types/thumbnail.png -define png:extent=1.95M
      data/processed/markdown-scope-types/thumbnail.png
    deps:
    - path: data/raw/markdown-scope-types/thumbnail.png
      md5: f713172575a6ff8542754170643f906d
      size: 3661678
    outs:
    - path: data/processed/markdown-scope-types/thumbnail.png
      md5: a24310858d724e8ae71fb135f206c23a
      size: 3159094
